
Microsoft Visual Studio Solution File, Format Version 12.00
# Visual Studio 15
VisualStudioVersion = 15.0.28307.271
MinimumVisualStudioVersion = 10.0.40219.1
Project("{FAE04EC0-301F-11D3-BF4B-00C04F79EFBC}") = "WpfAppUserControlCustomCommand", "WpfAppUserControlCustomCommand\WpfAppUserControlCustomCommand.csproj", "{0265A6FF-91DD-4E7A-8E59-8FDC34D481F6}"
EndProject
Global
	GlobalSection(SolutionConfigurationPlatforms) = preSolution
		Debug|Any CPU = Debug|Any CPU
		Release|Any CPU = Release|Any CPU
	EndGlobalSection
	GlobalSection(ProjectConfigurationPlatforms) = postSolution
		{0265A6FF-91DD-4E7A-8E59-8FDC34D481F6}.Debug|Any CPU.ActiveCfg = Debug|Any CPU
		{0265A6FF-91DD-4E7A-8E59-8FDC34D481F6}.Debug|Any CPU.Build.0 = Debug|Any CPU
		{0265A6FF-91DD-4E7A-8E59-8FDC34D481F6}.Release|Any CPU.ActiveCfg = Release|Any CPU
		{0265A6FF-91DD-4E7A-8E59-8FDC34D481F6}.Release|Any CPU.Build.0 = Release|Any CPU
	EndGlobalSection
	GlobalSection(SolutionProperties) = preSolution
		HideSolutionNode = FALSE
	EndGlobalSection
	GlobalSection(ExtensibilityGlobals) = postSolution
		SolutionGuid = {645C2EA9-8AA2-4479-9CEF-6D6A1E167931}
	EndGlobalSection
EndGlobal
